
Microsoft Visual Studio Solution File, Format Version 12.00
# Visual Studio 14
VisualStudioVersion = 14.0.25420.1
MinimumVisualStudioVersion = 10.0.40219.1
Project("{FAE04EC0-301F-11D3-BF4B-00C04F79EFBC}") = "Database", "src\Database\Database.csproj", "{A8259935-27EB-42FE-B818-96DF03183771}"
EndProject
Project("{FAE04EC0-301F-11D3-BF4B-00C04F79EFBC}") = "DataRetriever", "src\DataRetriever\DataRetriever.csproj", "{97F95302-0B42-439E-8B51-B0EC0171541C}"
EndProject
Project("{FAE04EC0-301F-11D3-BF4B-00C04F79EFBC}") = "GUI", "src\GUI\GUI.csproj", "{450D5066-6863-4390-A97E-E6D8357CF9F8}"
EndProject
Project("{2150E333-8FDC-42A3-9474-1A3956D46DE8}") = "Tests", "Tests", "{FA430F7A-AA47-4DE7-9496-F73D61E2664B}"
EndProject
Project("{FAE04EC0-301F-11D3-BF4B-00C04F79EFBC}") = "Tests", "tests\Tests\Tests.csproj", "{216AE916-A630-49AD-8116-E2F70C95C617}"
EndProject
Global
	GlobalSection(SolutionConfigurationPlatforms) = preSolution
		Debug|Any CPU = Debug|Any CPU
		Release|Any CPU = Release|Any CPU
	EndGlobalSection
	GlobalSection(ProjectConfigurationPlatforms) = postSolution
		{A8259935-27EB-42FE-B818-96DF03183771}.Debug|Any CPU.ActiveCfg = Debug|Any CPU
		{A8259935-27EB-42FE-B818-96DF03183771}.Debug|Any CPU.Build.0 = Debug|Any CPU
		{A8259935-27EB-42FE-B818-96DF03183771}.Release|Any CPU.ActiveCfg = Release|Any CPU
		{A8259935-27EB-42FE-B818-96DF03183771}.Release|Any CPU.Build.0 = Release|Any CPU
		{97F95302-0B42-439E-8B51-B0EC0171541C}.Debug|Any CPU.ActiveCfg = Debug|Any CPU
		{97F95302-0B42-439E-8B51-B0EC0171541C}.Debug|Any CPU.Build.0 = Debug|Any CPU
		{97F95302-0B42-439E-8B51-B0EC0171541C}.Release|Any CPU.ActiveCfg = Release|Any CPU
		{97F95302-0B42-439E-8B51-B0EC0171541C}.Release|Any CPU.Build.0 = Release|Any CPU
		{450D5066-6863-4390-A97E-E6D8357CF9F8}.Debug|Any CPU.ActiveCfg = Debug|Any CPU
		{450D5066-6863-4390-A97E-E6D8357CF9F8}.Debug|Any CPU.Build.0 = Debug|Any CPU
		{450D5066-6863-4390-A97E-E6D8357CF9F8}.Release|Any CPU.ActiveCfg = Release|Any CPU
		{450D5066-6863-4390-A97E-E6D8357CF9F8}.Release|Any CPU.Build.0 = Release|Any CPU
		{216AE916-A630-49AD-8116-E2F70C95C617}.Debug|Any CPU.ActiveCfg = Debug|Any CPU
		{216AE916-A630-49AD-8116-E2F70C95C617}.Debug|Any CPU.Build.0 = Debug|Any CPU
		{216AE916-A630-49AD-8116-E2F70C95C617}.Release|Any CPU.ActiveCfg = Release|Any CPU
		{216AE916-A630-49AD-8116-E2F70C95C617}.Release|Any CPU.Build.0 = Release|Any CPU
	EndGlobalSection
	GlobalSection(SolutionProperties) = preSolution
		HideSolutionNode = FALSE
	EndGlobalSection
	GlobalSection(NestedProjects) = preSolution
		{216AE916-A630-49AD-8116-E2F70C95C617} = {FA430F7A-AA47-4DE7-9496-F73D61E2664B}
	EndGlobalSection
EndGlobal
